// !$*UTF8*$!
{
	archiveVersion = 1;
	classes = {
	};
	objectVersion = 46;
	objects = {

/* Begin PBXBuildFile section */
		9919D9011A659C4000F70761 /* Courses Icon.png in Resources */ = {isa = PBXBuildFile; fileRef = 9919D8FB1A659C4000F70761 /* Courses Icon.png */; };
		9919D9021A659C4000F70761 /* Courses Icon@2x.png in Resources */ = {isa = PBXBuildFile; fileRef = 9919D8FC1A659C4000F70761 /* Courses Icon@2x.png */; };
		9919D9031A659C4000F70761 /* Courses Icon@3x.png in Resources */ = {isa = PBXBuildFile; fileRef = 9919D8FD1A659C4000F70761 /* Courses Icon@3x.png */; };
		9919D9041A659C4000F70761 /* Logout Icon.png in Resources */ = {isa = PBXBuildFile; fileRef = 9919D8FE1A659C4000F70761 /* Logout Icon.png */; };
		9919D9051A659C4000F70761 /* Logout Icon@2x.png in Resources */ = {isa = PBXBuildFile; fileRef = 9919D8FF1A659C4000F70761 /* Logout Icon@2x.png */; };
		9919D9061A659C4000F70761 /* Logout Icon@3x.png in Resources */ = {isa = PBXBuildFile; fileRef = 9919D9001A659C4000F70761 /* Logout Icon@3x.png */; };
		991F597C1A68166E007BF575 /* Lato-Bold.ttf in Resources */ = {isa = PBXBuildFile; fileRef = 9919D9071A65A34E00F70761 /* Lato-Bold.ttf */; };
		991F597D1A681672007BF575 /* Lato-Regular.ttf in Resources */ = {isa = PBXBuildFile; fileRef = 9919D9081A65A34E00F70761 /* Lato-Regular.ttf */; };
		991F597F1A6816E0007BF575 /* SidebarButton.swift in Sources */ = {isa = PBXBuildFile; fileRef = 991F597E1A6816E0007BF575 /* SidebarButton.swift */; };
		9945BFAB1A5C9BFA00AEB899 /* SidebarSegue.swift in Sources */ = {isa = PBXBuildFile; fileRef = 9945BFAA1A5C9BFA00AEB899 /* SidebarSegue.swift */; };
		9974EA961A3B8D91002A81E7 /* SidebarController.swift in Sources */ = {isa = PBXBuildFile; fileRef = 9974EA951A3B8D91002A81E7 /* SidebarController.swift */; };
		99A19B5A1A2E32870006098C /* MainViewController.swift in Sources */ = {isa = PBXBuildFile; fileRef = 99A19B591A2E32870006098C /* MainViewController.swift */; };
		99A455FB1A5F0509008A0144 /* Argo.framework in Frameworks */ = {isa = PBXBuildFile; fileRef = 99A455FA1A5F0509008A0144 /* Argo.framework */; };
		99A456031A5F08CF008A0144 /* User.swift in Sources */ = {isa = PBXBuildFile; fileRef = 99A456021A5F08CF008A0144 /* User.swift */; };
		99A456081A5F0BED008A0144 /* Argo.framework in Frameworks */ = {isa = PBXBuildFile; fileRef = 99A455FA1A5F0509008A0144 /* Argo.framework */; };
		99A456091A5F0C3F008A0144 /* Nimble.framework in Frameworks */ = {isa = PBXBuildFile; fileRef = 99A456041A5F0BD9008A0144 /* Nimble.framework */; };
		99A4560A1A5F0C48008A0144 /* Quick.framework in Frameworks */ = {isa = PBXBuildFile; fileRef = 99A456061A5F0BE7008A0144 /* Quick.framework */; };
		99A4C92E1A1D20200044EDAF /* AppDelegate.swift in Sources */ = {isa = PBXBuildFile; fileRef = 99A4C92D1A1D20200044EDAF /* AppDelegate.swift */; };
		99A4C9311A1D20200044EDAF /* Dunno.xcdatamodeld in Sources */ = {isa = PBXBuildFile; fileRef = 99A4C92F1A1D20200044EDAF /* Dunno.xcdatamodeld */; };
		99A4C9331A1D20200044EDAF /* ViewController.swift in Sources */ = {isa = PBXBuildFile; fileRef = 99A4C9321A1D20200044EDAF /* ViewController.swift */; };
		99A4C9361A1D20200044EDAF /* Main.storyboard in Resources */ = {isa = PBXBuildFile; fileRef = 99A4C9341A1D20200044EDAF /* Main.storyboard */; };
		99A4C9381A1D20200044EDAF /* Images.xcassets in Resources */ = {isa = PBXBuildFile; fileRef = 99A4C9371A1D20200044EDAF /* Images.xcassets */; };
		99A4C93B1A1D20200044EDAF /* LaunchScreen.xib in Resources */ = {isa = PBXBuildFile; fileRef = 99A4C9391A1D20200044EDAF /* LaunchScreen.xib */; };
		99A4C9471A1D20200044EDAF /* DunnoTests.swift in Sources */ = {isa = PBXBuildFile; fileRef = 99A4C9461A1D20200044EDAF /* DunnoTests.swift */; };
/* End PBXBuildFile section */

/* Begin PBXContainerItemProxy section */
		99A4C9411A1D20200044EDAF /* PBXContainerItemProxy */ = {
			isa = PBXContainerItemProxy;
			containerPortal = 99A4C9201A1D20200044EDAF /* Project object */;
			proxyType = 1;
			remoteGlobalIDString = 99A4C9271A1D20200044EDAF;
			remoteInfo = Dunno;
		};
/* End PBXContainerItemProxy section */

/* Begin PBXFileReference section */
		9919D8FB1A659C4000F70761 /* Courses Icon.png */ = {isa = PBXFileReference; lastKnownFileType = image.png; path = "Courses Icon.png"; sourceTree = "<group>"; };
		9919D8FC1A659C4000F70761 /* Courses Icon@2x.png */ = {isa = PBXFileReference; lastKnownFileType = image.png; path = "Courses Icon@2x.png"; sourceTree = "<group>"; };
		9919D8FD1A659C4000F70761 /* Courses Icon@3x.png */ = {isa = PBXFileReference; lastKnownFileType = image.png; path = "Courses Icon@3x.png"; sourceTree = "<group>"; };
		9919D8FE1A659C4000F70761 /* Logout Icon.png */ = {isa = PBXFileReference; lastKnownFileType = image.png; path = "Logout Icon.png"; sourceTree = "<group>"; };
		9919D8FF1A659C4000F70761 /* Logout Icon@2x.png */ = {isa = PBXFileReference; lastKnownFileType = image.png; path = "Logout Icon@2x.png"; sourceTree = "<group>"; };
		9919D9001A659C4000F70761 /* Logout Icon@3x.png */ = {isa = PBXFileReference; lastKnownFileType = image.png; path = "Logout Icon@3x.png"; sourceTree = "<group>"; };
		9919D9071A65A34E00F70761 /* Lato-Bold.ttf */ = {isa = PBXFileReference; lastKnownFileType = file; path = "Lato-Bold.ttf"; sourceTree = "<group>"; };
		9919D9081A65A34E00F70761 /* Lato-Regular.ttf */ = {isa = PBXFileReference; lastKnownFileType = file; path = "Lato-Regular.ttf"; sourceTree = "<group>"; };
		991F597E1A6816E0007BF575 /* SidebarButton.swift */ = {isa = PBXFileReference; fileEncoding = 4; lastKnownFileType = sourcecode.swift; path = SidebarButton.swift; sourceTree = "<group>"; };
		9945BFAA1A5C9BFA00AEB899 /* SidebarSegue.swift */ = {isa = PBXFileReference; fileEncoding = 4; lastKnownFileType = sourcecode.swift; path = SidebarSegue.swift; sourceTree = "<group>"; };
		9974EA951A3B8D91002A81E7 /* SidebarController.swift */ = {isa = PBXFileReference; fileEncoding = 4; lastKnownFileType = sourcecode.swift; path = SidebarController.swift; sourceTree = "<group>"; };
		99A19B591A2E32870006098C /* MainViewController.swift */ = {isa = PBXFileReference; fileEncoding = 4; lastKnownFileType = sourcecode.swift; path = MainViewController.swift; sourceTree = "<group>"; };
		99A455FA1A5F0509008A0144 /* Argo.framework */ = {isa = PBXFileReference; lastKnownFileType = wrapper.framework; name = Argo.framework; path = Carthage/Build/iOS/Argo.framework; sourceTree = "<group>"; };
		99A456021A5F08CF008A0144 /* User.swift */ = {isa = PBXFileReference; fileEncoding = 4; lastKnownFileType = sourcecode.swift; path = User.swift; sourceTree = "<group>"; };
		99A456041A5F0BD9008A0144 /* Nimble.framework */ = {isa = PBXFileReference; lastKnownFileType = wrapper.framework; name = Nimble.framework; path = Carthage/Build/iOS/Nimble.framework; sourceTree = SOURCE_ROOT; };
		99A456061A5F0BE7008A0144 /* Quick.framework */ = {isa = PBXFileReference; lastKnownFileType = wrapper.framework; name = Quick.framework; path = Carthage/Build/iOS/Quick.framework; sourceTree = SOURCE_ROOT; };
		99A4C9281A1D20200044EDAF /* Dunno.app */ = {isa = PBXFileReference; explicitFileType = wrapper.application; includeInIndex = 0; path = Dunno.app; sourceTree = BUILT_PRODUCTS_DIR; };
		99A4C92C1A1D20200044EDAF /* Info.plist */ = {isa = PBXFileReference; lastKnownFileType = text.plist.xml; path = Info.plist; sourceTree = "<group>"; };
		99A4C92D1A1D20200044EDAF /* AppDelegate.swift */ = {isa = PBXFileReference; lastKnownFileType = sourcecode.swift; path = AppDelegate.swift; sourceTree = "<group>"; };
		99A4C9301A1D20200044EDAF /* Dunno.xcdatamodel */ = {isa = PBXFileReference; lastKnownFileType = wrapper.xcdatamodel; path = Dunno.xcdatamodel; sourceTree = "<group>"; };
		99A4C9321A1D20200044EDAF /* ViewController.swift */ = {isa = PBXFileReference; lastKnownFileType = sourcecode.swift; path = ViewController.swift; sourceTree = "<group>"; };
		99A4C9351A1D20200044EDAF /* Base */ = {isa = PBXFileReference; lastKnownFileType = file.storyboard; name = Base; path = Base.lproj/Main.storyboard; sourceTree = "<group>"; };
		99A4C9371A1D20200044EDAF /* Images.xcassets */ = {isa = PBXFileReference; lastKnownFileType = folder.assetcatalog; path = Images.xcassets; sourceTree = "<group>"; };
		99A4C93A1A1D20200044EDAF /* Base */ = {isa = PBXFileReference; lastKnownFileType = file.xib; name = Base; path = Base.lproj/LaunchScreen.xib; sourceTree = "<group>"; };
		99A4C9401A1D20200044EDAF /* DunnoTests.xctest */ = {isa = PBXFileReference; explicitFileType = wrapper.cfbundle; includeInIndex = 0; path = DunnoTests.xctest; sourceTree = BUILT_PRODUCTS_DIR; };
		99A4C9451A1D20200044EDAF /* Info.plist */ = {isa = PBXFileReference; lastKnownFileType = text.plist.xml; path = Info.plist; sourceTree = "<group>"; };
		99A4C9461A1D20200044EDAF /* DunnoTests.swift */ = {isa = PBXFileReference; lastKnownFileType = sourcecode.swift; path = DunnoTests.swift; sourceTree = "<group>"; };
/* End PBXFileReference section */

/* Begin PBXFrameworksBuildPhase section */
		99A4C9251A1D20200044EDAF /* Frameworks */ = {
			isa = PBXFrameworksBuildPhase;
			buildActionMask = 2147483647;
			files = (
				99A455FB1A5F0509008A0144 /* Argo.framework in Frameworks */,
			);
			runOnlyForDeploymentPostprocessing = 0;
		};
		99A4C93D1A1D20200044EDAF /* Frameworks */ = {
			isa = PBXFrameworksBuildPhase;
			buildActionMask = 2147483647;
			files = (
				99A4560A1A5F0C48008A0144 /* Quick.framework in Frameworks */,
				99A456091A5F0C3F008A0144 /* Nimble.framework in Frameworks */,
				99A456081A5F0BED008A0144 /* Argo.framework in Frameworks */,
			);
			runOnlyForDeploymentPostprocessing = 0;
		};
/* End PBXFrameworksBuildPhase section */

/* Begin PBXGroup section */
		9919D90B1A65A35E00F70761 /* Fonts */ = {
			isa = PBXGroup;
			children = (
				9919D9071A65A34E00F70761 /* Lato-Bold.ttf */,
				9919D9081A65A34E00F70761 /* Lato-Regular.ttf */,
			);
			name = Fonts;
			sourceTree = "<group>";
		};
		9919D90C1A65A36700F70761 /* Assets */ = {
			isa = PBXGroup;
			children = (
				9919D90B1A65A35E00F70761 /* Fonts */,
				998E64C81A5C68ED00245FF3 /* Images */,
			);
			name = Assets;
			sourceTree = "<group>";
		};
		998E64C81A5C68ED00245FF3 /* Images */ = {
			isa = PBXGroup;
			children = (
				9919D8FB1A659C4000F70761 /* Courses Icon.png */,
				9919D8FC1A659C4000F70761 /* Courses Icon@2x.png */,
				9919D8FD1A659C4000F70761 /* Courses Icon@3x.png */,
				9919D8FE1A659C4000F70761 /* Logout Icon.png */,
				9919D8FF1A659C4000F70761 /* Logout Icon@2x.png */,
				9919D9001A659C4000F70761 /* Logout Icon@3x.png */,
			);
			name = Images;
			sourceTree = "<group>";
		};
		99A456011A5F08AA008A0144 /* Models */ = {
			isa = PBXGroup;
			children = (
				99A456021A5F08CF008A0144 /* User.swift */,
			);
			name = Models;
			sourceTree = "<group>";
		};
		99A4C91F1A1D20200044EDAF = {
			isa = PBXGroup;
			children = (
				991F597E1A6816E0007BF575 /* SidebarButton.swift */,
				99A455FA1A5F0509008A0144 /* Argo.framework */,
				99A4C92A1A1D20200044EDAF /* Dunno */,
				99A4C9431A1D20200044EDAF /* DunnoTests */,
				99A4C9291A1D20200044EDAF /* Products */,
			);
			indentWidth = 4;
			sourceTree = "<group>";
			tabWidth = 4;
			usesTabs = 0;
		};
		99A4C9291A1D20200044EDAF /* Products */ = {
			isa = PBXGroup;
			children = (
				99A4C9281A1D20200044EDAF /* Dunno.app */,
				99A4C9401A1D20200044EDAF /* DunnoTests.xctest */,
			);
			name = Products;
			sourceTree = "<group>";
		};
		99A4C92A1A1D20200044EDAF /* Dunno */ = {
			isa = PBXGroup;
			children = (
				9919D90C1A65A36700F70761 /* Assets */,
				99A456011A5F08AA008A0144 /* Models */,
				99A4C92D1A1D20200044EDAF /* AppDelegate.swift */,
				9974EA951A3B8D91002A81E7 /* SidebarController.swift */,
				99A4C9321A1D20200044EDAF /* ViewController.swift */,
				99A4C9341A1D20200044EDAF /* Main.storyboard */,
				99A4C9371A1D20200044EDAF /* Images.xcassets */,
				99A4C9391A1D20200044EDAF /* LaunchScreen.xib */,
				99A4C92F1A1D20200044EDAF /* Dunno.xcdatamodeld */,
				99A4C92B1A1D20200044EDAF /* Supporting Files */,
				99A19B591A2E32870006098C /* MainViewController.swift */,
				9945BFAA1A5C9BFA00AEB899 /* SidebarSegue.swift */,
			);
			path = Dunno;
			sourceTree = "<group>";
		};
		99A4C92B1A1D20200044EDAF /* Supporting Files */ = {
			isa = PBXGroup;
			children = (
				99A4C92C1A1D20200044EDAF /* Info.plist */,
			);
			name = "Supporting Files";
			sourceTree = "<group>";
		};
		99A4C9431A1D20200044EDAF /* DunnoTests */ = {
			isa = PBXGroup;
			children = (
				99A456061A5F0BE7008A0144 /* Quick.framework */,
				99A456041A5F0BD9008A0144 /* Nimble.framework */,
				99A4C9461A1D20200044EDAF /* DunnoTests.swift */,
				99A4C9441A1D20200044EDAF /* Supporting Files */,
			);
			path = DunnoTests;
			sourceTree = "<group>";
		};
		99A4C9441A1D20200044EDAF /* Supporting Files */ = {
			isa = PBXGroup;
			children = (
				99A4C9451A1D20200044EDAF /* Info.plist */,
			);
			name = "Supporting Files";
			sourceTree = "<group>";
		};
/* End PBXGroup section */

/* Begin PBXNativeTarget section */
		99A4C9271A1D20200044EDAF /* Dunno */ = {
			isa = PBXNativeTarget;
			buildConfigurationList = 99A4C94A1A1D20200044EDAF /* Build configuration list for PBXNativeTarget "Dunno" */;
			buildPhases = (
				99A4C9241A1D20200044EDAF /* Sources */,
				99A4C9251A1D20200044EDAF /* Frameworks */,
				99A4C9261A1D20200044EDAF /* Resources */,
				99A455FC1A5F057C008A0144 /* ShellScript */,
				109893C2C8B4884C8DEBEC5C /* Warn for TODO and FIXME comments */,
			);
			buildRules = (
			);
			dependencies = (
			);
			name = Dunno;
			productName = Dunno;
			productReference = 99A4C9281A1D20200044EDAF /* Dunno.app */;
			productType = "com.apple.product-type.application";
		};
		99A4C93F1A1D20200044EDAF /* DunnoTests */ = {
			isa = PBXNativeTarget;
			buildConfigurationList = 99A4C94D1A1D20200044EDAF /* Build configuration list for PBXNativeTarget "DunnoTests" */;
			buildPhases = (
				99A4C93C1A1D20200044EDAF /* Sources */,
				99A4C93D1A1D20200044EDAF /* Frameworks */,
				99A4C93E1A1D20200044EDAF /* Resources */,
			);
			buildRules = (
			);
			dependencies = (
				99A4C9421A1D20200044EDAF /* PBXTargetDependency */,
			);
			name = DunnoTests;
			productName = DunnoTests;
			productReference = 99A4C9401A1D20200044EDAF /* DunnoTests.xctest */;
			productType = "com.apple.product-type.bundle.unit-test";
		};
/* End PBXNativeTarget section */

/* Begin PBXProject section */
		99A4C9201A1D20200044EDAF /* Project object */ = {
			isa = PBXProject;
			attributes = {
				LastUpgradeCheck = 0610;
				ORGANIZATIONNAME = "Pedro Nascimento";
				TargetAttributes = {
					99A4C9271A1D20200044EDAF = {
						CreatedOnToolsVersion = 6.1;
					};
					99A4C93F1A1D20200044EDAF = {
						CreatedOnToolsVersion = 6.1;
						TestTargetID = 99A4C9271A1D20200044EDAF;
					};
				};
			};
			buildConfigurationList = 99A4C9231A1D20200044EDAF /* Build configuration list for PBXProject "Dunno" */;
			compatibilityVersion = "Xcode 3.2";
			developmentRegion = English;
			hasScannedForEncodings = 0;
			knownRegions = (
				en,
				Base,
			);
			mainGroup = 99A4C91F1A1D20200044EDAF;
			productRefGroup = 99A4C9291A1D20200044EDAF /* Products */;
			projectDirPath = "";
			projectRoot = "";
			targets = (
				99A4C9271A1D20200044EDAF /* Dunno */,
				99A4C93F1A1D20200044EDAF /* DunnoTests */,
			);
		};
/* End PBXProject section */

/* Begin PBXResourcesBuildPhase section */
		99A4C9261A1D20200044EDAF /* Resources */ = {
			isa = PBXResourcesBuildPhase;
			buildActionMask = 2147483647;
			files = (
				991F597D1A681672007BF575 /* Lato-Regular.ttf in Resources */,
				991F597C1A68166E007BF575 /* Lato-Bold.ttf in Resources */,
				9919D9031A659C4000F70761 /* Courses Icon@3x.png in Resources */,
				9919D9011A659C4000F70761 /* Courses Icon.png in Resources */,
				9919D9051A659C4000F70761 /* Logout Icon@2x.png in Resources */,
				99A4C9361A1D20200044EDAF /* Main.storyboard in Resources */,
				9919D9041A659C4000F70761 /* Logout Icon.png in Resources */,
				9919D9021A659C4000F70761 /* Courses Icon@2x.png in Resources */,
				9919D9061A659C4000F70761 /* Logout Icon@3x.png in Resources */,
				99A4C93B1A1D20200044EDAF /* LaunchScreen.xib in Resources */,
				99A4C9381A1D20200044EDAF /* Images.xcassets in Resources */,
			);
			runOnlyForDeploymentPostprocessing = 0;
		};
		99A4C93E1A1D20200044EDAF /* Resources */ = {
			isa = PBXResourcesBuildPhase;
			buildActionMask = 2147483647;
			files = (
			);
			runOnlyForDeploymentPostprocessing = 0;
		};
/* End PBXResourcesBuildPhase section */

/* Begin PBXShellScriptBuildPhase section */
		109893C2C8B4884C8DEBEC5C /* Warn for TODO and FIXME comments */ = {
			isa = PBXShellScriptBuildPhase;
			buildActionMask = 2147483647;
			files = (
			);
			inputPaths = (
			);
			name = "Warn for TODO and FIXME comments";
			outputPaths = (
			);
			runOnlyForDeploymentPostprocessing = 0;
			shellPath = /bin/sh;
			shellScript = "KEYWORDS=\"TODO:|FIXME:|\\?\\?\\?:|\\!\\!\\!:\"\nFILE_EXTENSIONS=\"h|m|mm|c|cpp\"\nfind -E \"${SRCROOT}\" -ipath \"${SRCROOT}/pods\" -prune -o \\( -regex \".*\\.($FILE_EXTENSIONS)$\" \\) -print0 | xargs -0 egrep --with-filename --line-number --only-matching \"($KEYWORDS).*\\$\" | perl -p -e \"s/($KEYWORDS)/ warning: \\$1/\"\n";
		};
		99A455FC1A5F057C008A0144 /* ShellScript */ = {
			isa = PBXShellScriptBuildPhase;
			buildActionMask = 2147483647;
			files = (
			);
			inputPaths = (
				"$(SRCROOT)/Carthage/Build/iOS/Argo.framework",
				"$(SRCROOT)/Carthage/Build/iOS/Quick.framework",
				"$(SRCROOT)/Carthage/Build/iOS/Nimble.framework",
			);
			outputPaths = (
			);
			runOnlyForDeploymentPostprocessing = 0;
			shellPath = "/opt/boxen/homebrew/bin/carthage copy-frameworks";
			shellScript = "";
		};
/* End PBXShellScriptBuildPhase section */

/* Begin PBXSourcesBuildPhase section */
		99A4C9241A1D20200044EDAF /* Sources */ = {
			isa = PBXSourcesBuildPhase;
			buildActionMask = 2147483647;
			files = (
				99A4C9331A1D20200044EDAF /* ViewController.swift in Sources */,
				99A4C9311A1D20200044EDAF /* Dunno.xcdatamodeld in Sources */,
				9945BFAB1A5C9BFA00AEB899 /* SidebarSegue.swift in Sources */,
				99A4C92E1A1D20200044EDAF /* AppDelegate.swift in Sources */,
				991F597F1A6816E0007BF575 /* SidebarButton.swift in Sources */,
				9974EA961A3B8D91002A81E7 /* SidebarController.swift in Sources */,
				99A19B5A1A2E32870006098C /* MainViewController.swift in Sources */,
				99A456031A5F08CF008A0144 /* User.swift in Sources */,
			);
			runOnlyForDeploymentPostprocessing = 0;
		};
		99A4C93C1A1D20200044EDAF /* Sources */ = {
			isa = PBXSourcesBuildPhase;
			buildActionMask = 2147483647;
			files = (
				99A4C9471A1D20200044EDAF /* DunnoTests.swift in Sources */,
			);
			runOnlyForDeploymentPostprocessing = 0;
		};
/* End PBXSourcesBuildPhase section */

/* Begin PBXTargetDependency section */
		99A4C9421A1D20200044EDAF /* PBXTargetDependency */ = {
			isa = PBXTargetDependency;
			target = 99A4C9271A1D20200044EDAF /* Dunno */;
			targetProxy = 99A4C9411A1D20200044EDAF /* PBXContainerItemProxy */;
		};
/* End PBXTargetDependency section */

/* Begin PBXVariantGroup section */
		99A4C9341A1D20200044EDAF /* Main.storyboard */ = {
			isa = PBXVariantGroup;
			children = (
				99A4C9351A1D20200044EDAF /* Base */,
			);
			name = Main.storyboard;
			sourceTree = "<group>";
		};
		99A4C9391A1D20200044EDAF /* LaunchScreen.xib */ = {
			isa = PBXVariantGroup;
			children = (
				99A4C93A1A1D20200044EDAF /* Base */,
			);
			name = LaunchScreen.xib;
			sourceTree = "<group>";
		};
/* End PBXVariantGroup section */

/* Begin XCBuildConfiguration section */
		99A4C9481A1D20200044EDAF /* Debug */ = {
			isa = XCBuildConfiguration;
			buildSettings = {
				ALWAYS_SEARCH_USER_PATHS = NO;
				CLANG_CXX_LANGUAGE_STANDARD = "gnu++0x";
				CLANG_CXX_LIBRARY = "libc++";
				CLANG_ENABLE_MODULES = YES;
				CLANG_ENABLE_OBJC_ARC = YES;
				CLANG_WARN_BOOL_CONVERSION = YES;
				CLANG_WARN_CONSTANT_CONVERSION = YES;
				CLANG_WARN_DEPRECATED_OBJC_IMPLEMENTATIONS = YES;
				CLANG_WARN_DIRECT_OBJC_ISA_USAGE = YES_ERROR;
				CLANG_WARN_EMPTY_BODY = YES;
				CLANG_WARN_ENUM_CONVERSION = YES;
				CLANG_WARN_IMPLICIT_SIGN_CONVERSION = YES;
				CLANG_WARN_INT_CONVERSION = YES;
				CLANG_WARN_OBJC_IMPLICIT_RETAIN_SELF = YES;
				CLANG_WARN_OBJC_ROOT_CLASS = YES_ERROR;
				CLANG_WARN_SUSPICIOUS_IMPLICIT_CONVERSION = YES;
				CLANG_WARN_UNREACHABLE_CODE = YES;
				CLANG_WARN__DUPLICATE_METHOD_MATCH = YES;
				"CODE_SIGN_IDENTITY[sdk=iphoneos*]" = "iPhone Developer";
				COPY_PHASE_STRIP = NO;
				ENABLE_STRICT_OBJC_MSGSEND = YES;
				GCC_C_LANGUAGE_STANDARD = gnu99;
				GCC_DYNAMIC_NO_PIC = NO;
				GCC_OPTIMIZATION_LEVEL = 0;
				GCC_PREPROCESSOR_DEFINITIONS = (
					"DEBUG=1",
					"$(inherited)",
				);
				GCC_SYMBOLS_PRIVATE_EXTERN = NO;
				GCC_WARN_64_TO_32_BIT_CONVERSION = YES;
				GCC_WARN_ABOUT_DEPRECATED_FUNCTIONS = YES;
				GCC_WARN_ABOUT_MISSING_FIELD_INITIALIZERS = YES;
				GCC_WARN_ABOUT_MISSING_NEWLINE = YES;
				GCC_WARN_ABOUT_RETURN_TYPE = YES;
				GCC_WARN_CHECK_SWITCH_STATEMENTS = YES;
				GCC_WARN_INITIALIZER_NOT_FULLY_BRACKETED = YES;
				GCC_WARN_MISSING_PARENTHESES = YES;
				GCC_WARN_SHADOW = YES;
				GCC_WARN_SIGN_COMPARE = YES;
				GCC_WARN_TYPECHECK_CALLS_TO_PRINTF = YES;
				GCC_WARN_UNDECLARED_SELECTOR = YES;
				GCC_WARN_UNINITIALIZED_AUTOS = YES_AGGRESSIVE;
				GCC_WARN_UNUSED_FUNCTION = YES;
				GCC_WARN_UNUSED_LABEL = YES;
				GCC_WARN_UNUSED_VALUE = YES;
				GCC_WARN_UNUSED_VARIABLE = YES;
				IPHONEOS_DEPLOYMENT_TARGET = 8.1;
				MTL_ENABLE_DEBUG_INFO = YES;
				ONLY_ACTIVE_ARCH = YES;
				RUN_CLANG_STATIC_ANALYZER = YES;
				SDKROOT = iphoneos;
				SWIFT_OPTIMIZATION_LEVEL = "-Onone";
				TARGETED_DEVICE_FAMILY = "1,2";
			};
			name = Debug;
		};
		99A4C9491A1D20200044EDAF /* Release */ = {
			isa = XCBuildConfiguration;
			buildSettings = {
				ALWAYS_SEARCH_USER_PATHS = NO;
				CLANG_CXX_LANGUAGE_STANDARD = "gnu++0x";
				CLANG_CXX_LIBRARY = "libc++";
				CLANG_ENABLE_MODULES = YES;
				CLANG_ENABLE_OBJC_ARC = YES;
				CLANG_WARN_BOOL_CONVERSION = YES;
				CLANG_WARN_CONSTANT_CONVERSION = YES;
				CLANG_WARN_DEPRECATED_OBJC_IMPLEMENTATIONS = YES;
				CLANG_WARN_DIRECT_OBJC_ISA_USAGE = YES_ERROR;
				CLANG_WARN_EMPTY_BODY = YES;
				CLANG_WARN_ENUM_CONVERSION = YES;
				CLANG_WARN_IMPLICIT_SIGN_CONVERSION = YES;
				CLANG_WARN_INT_CONVERSION = YES;
				CLANG_WARN_OBJC_IMPLICIT_RETAIN_SELF = YES;
				CLANG_WARN_OBJC_ROOT_CLASS = YES_ERROR;
				CLANG_WARN_SUSPICIOUS_IMPLICIT_CONVERSION = YES;
				CLANG_WARN_UNREACHABLE_CODE = YES;
				CLANG_WARN__DUPLICATE_METHOD_MATCH = YES;
				"CODE_SIGN_IDENTITY[sdk=iphoneos*]" = "iPhone Developer";
				COPY_PHASE_STRIP = YES;
				ENABLE_NS_ASSERTIONS = NO;
				ENABLE_STRICT_OBJC_MSGSEND = YES;
				GCC_C_LANGUAGE_STANDARD = gnu99;
				GCC_WARN_64_TO_32_BIT_CONVERSION = YES;
				GCC_WARN_ABOUT_DEPRECATED_FUNCTIONS = YES;
				GCC_WARN_ABOUT_MISSING_FIELD_INITIALIZERS = YES;
				GCC_WARN_ABOUT_MISSING_NEWLINE = YES;
				GCC_WARN_ABOUT_RETURN_TYPE = YES;
				GCC_WARN_CHECK_SWITCH_STATEMENTS = YES;
				GCC_WARN_INITIALIZER_NOT_FULLY_BRACKETED = YES;
				GCC_WARN_MISSING_PARENTHESES = YES;
				GCC_WARN_SHADOW = YES;
				GCC_WARN_SIGN_COMPARE = YES;
				GCC_WARN_TYPECHECK_CALLS_TO_PRINTF = YES;
				GCC_WARN_UNDECLARED_SELECTOR = YES;
				GCC_WARN_UNINITIALIZED_AUTOS = YES_AGGRESSIVE;
				GCC_WARN_UNUSED_FUNCTION = YES;
				GCC_WARN_UNUSED_LABEL = YES;
				GCC_WARN_UNUSED_VALUE = YES;
				GCC_WARN_UNUSED_VARIABLE = YES;
				IPHONEOS_DEPLOYMENT_TARGET = 8.1;
				MTL_ENABLE_DEBUG_INFO = NO;
				RUN_CLANG_STATIC_ANALYZER = YES;
				SDKROOT = iphoneos;
				TARGETED_DEVICE_FAMILY = "1,2";
				VALIDATE_PRODUCT = YES;
			};
			name = Release;
		};
		99A4C94B1A1D20200044EDAF /* Debug */ = {
			isa = XCBuildConfiguration;
			buildSettings = {
				ASSETCATALOG_COMPILER_APPICON_NAME = AppIcon;
				FRAMEWORK_SEARCH_PATHS = (
					"$(inherited)",
					"$(PROJECT_DIR)/Carthage/Build/iOS",
				);
				INFOPLIST_FILE = Dunno/Info.plist;
				LD_RUNPATH_SEARCH_PATHS = "$(inherited) @executable_path/Frameworks";
				PRODUCT_NAME = "$(TARGET_NAME)";
				TARGETED_DEVICE_FAMILY = 2;
			};
			name = Debug;
		};
		99A4C94C1A1D20200044EDAF /* Release */ = {
			isa = XCBuildConfiguration;
			buildSettings = {
				ASSETCATALOG_COMPILER_APPICON_NAME = AppIcon;
				FRAMEWORK_SEARCH_PATHS = (
					"$(inherited)",
					"$(PROJECT_DIR)/Carthage/Build/iOS",
				);
				GCC_TREAT_WARNINGS_AS_ERRORS = YES;
				INFOPLIST_FILE = Dunno/Info.plist;
				LD_RUNPATH_SEARCH_PATHS = "$(inherited) @executable_path/Frameworks";
				PRODUCT_NAME = "$(TARGET_NAME)";
				TARGETED_DEVICE_FAMILY = 2;
			};
			name = Release;
		};
		99A4C94E1A1D20200044EDAF /* Debug */ = {
			isa = XCBuildConfiguration;
			buildSettings = {
				BUNDLE_LOADER = "$(TEST_HOST)";
				FRAMEWORK_SEARCH_PATHS = (
					"$(SDKROOT)/Developer/Library/Frameworks",
					"$(inherited)",
					"$(PROJECT_DIR)/Carthage/Build/iOS",
				);
				GCC_PREPROCESSOR_DEFINITIONS = (
					"DEBUG=1",
					"$(inherited)",
				);
				INFOPLIST_FILE = DunnoTests/Info.plist;
				LD_RUNPATH_SEARCH_PATHS = "$(inherited) @executable_path/Frameworks @loader_path/Frameworks";
				PRODUCT_NAME = "$(TARGET_NAME)";
				TARGETED_DEVICE_FAMILY = 2;
				TEST_HOST = "$(BUILT_PRODUCTS_DIR)/Dunno.app/Dunno";
			};
			name = Debug;
		};
		99A4C94F1A1D20200044EDAF /* Release */ = {
			isa = XCBuildConfiguration;
			buildSettings = {
				BUNDLE_LOADER = "$(TEST_HOST)";
				FRAMEWORK_SEARCH_PATHS = (
					"$(SDKROOT)/Developer/Library/Frameworks",
					"$(inherited)",
					"$(PROJECT_DIR)/Carthage/Build/iOS",
				);
				INFOPLIST_FILE = DunnoTests/Info.plist;
				LD_RUNPATH_SEARCH_PATHS = "$(inherited) @executable_path/Frameworks @loader_path/Frameworks";
				PRODUCT_NAME = "$(TARGET_NAME)";
				TARGETED_DEVICE_FAMILY = 2;
				TEST_HOST = "$(BUILT_PRODUCTS_DIR)/Dunno.app/Dunno";
			};
			name = Release;
		};
/* End XCBuildConfiguration section */

/* Begin XCConfigurationList section */
		99A4C9231A1D20200044EDAF /* Build configuration list for PBXProject "Dunno" */ = {
			isa = XCConfigurationList;
			buildConfigurations = (
				99A4C9481A1D20200044EDAF /* Debug */,
				99A4C9491A1D20200044EDAF /* Release */,
			);
			defaultConfigurationIsVisible = 0;
			defaultConfigurationName = Release;
		};
		99A4C94A1A1D20200044EDAF /* Build configuration list for PBXNativeTarget "Dunno" */ = {
			isa = XCConfigurationList;
			buildConfigurations = (
				99A4C94B1A1D20200044EDAF /* Debug */,
				99A4C94C1A1D20200044EDAF /* Release */,
			);
			defaultConfigurationIsVisible = 0;
			defaultConfigurationName = Release;
		};
		99A4C94D1A1D20200044EDAF /* Build configuration list for PBXNativeTarget "DunnoTests" */ = {
			isa = XCConfigurationList;
			buildConfigurations = (
				99A4C94E1A1D20200044EDAF /* Debug */,
				99A4C94F1A1D20200044EDAF /* Release */,
			);
			defaultConfigurationIsVisible = 0;
			defaultConfigurationName = Release;
		};
/* End XCConfigurationList section */

/* Begin XCVersionGroup section */
		99A4C92F1A1D20200044EDAF /* Dunno.xcdatamodeld */ = {
			isa = XCVersionGroup;
			children = (
				99A4C9301A1D20200044EDAF /* Dunno.xcdatamodel */,
			);
			currentVersion = 99A4C9301A1D20200044EDAF /* Dunno.xcdatamodel */;
			path = Dunno.xcdatamodeld;
			sourceTree = "<group>";
			versionGroupType = wrapper.xcdatamodel;
		};
/* End XCVersionGroup section */
	};
	rootObject = 99A4C9201A1D20200044EDAF /* Project object */;
}
