// !$*UTF8*$!
{
	archiveVersion = 1;
	classes = {
	};
	objectVersion = 46;
	objects = {

/* Begin PBXBuildFile section */
		6A27A590CA134ADBB1B5D24C /* libPods-dunnoTests.a in Frameworks */ = {isa = PBXBuildFile; fileRef = 5EF84BA6EC0240DEAD8D2BD1 /* libPods-dunnoTests.a */; };
		C3006F5B18859432007B0790 /* Foundation.framework in Frameworks */ = {isa = PBXBuildFile; fileRef = C3006F5A18859432007B0790 /* Foundation.framework */; };
		C3006F5D18859432007B0790 /* CoreGraphics.framework in Frameworks */ = {isa = PBXBuildFile; fileRef = C3006F5C18859432007B0790 /* CoreGraphics.framework */; };
		C3006F5F18859432007B0790 /* UIKit.framework in Frameworks */ = {isa = PBXBuildFile; fileRef = C3006F5E18859432007B0790 /* UIKit.framework */; };
		C3006F6518859432007B0790 /* InfoPlist.strings in Resources */ = {isa = PBXBuildFile; fileRef = C3006F6318859432007B0790 /* InfoPlist.strings */; };
		C3006F6718859432007B0790 /* main.m in Sources */ = {isa = PBXBuildFile; fileRef = C3006F6618859432007B0790 /* main.m */; };
		C3006F6B18859432007B0790 /* DUNAppDelegate.m in Sources */ = {isa = PBXBuildFile; fileRef = C3006F6A18859432007B0790 /* DUNAppDelegate.m */; };
		C3006F7318859432007B0790 /* Images.xcassets in Resources */ = {isa = PBXBuildFile; fileRef = C3006F7218859432007B0790 /* Images.xcassets */; };
		C3006F7A18859432007B0790 /* XCTest.framework in Frameworks */ = {isa = PBXBuildFile; fileRef = C3006F7918859432007B0790 /* XCTest.framework */; };
		C3006F7B18859432007B0790 /* Foundation.framework in Frameworks */ = {isa = PBXBuildFile; fileRef = C3006F5A18859432007B0790 /* Foundation.framework */; };
		C3006F7C18859432007B0790 /* UIKit.framework in Frameworks */ = {isa = PBXBuildFile; fileRef = C3006F5E18859432007B0790 /* UIKit.framework */; };
		C3006F8418859432007B0790 /* InfoPlist.strings in Resources */ = {isa = PBXBuildFile; fileRef = C3006F8218859432007B0790 /* InfoPlist.strings */; };
		C3006F9818859A1B007B0790 /* DUNStyles.m in Sources */ = {isa = PBXBuildFile; fileRef = C3006F9718859A1B007B0790 /* DUNStyles.m */; };
		C3006F9B1885B369007B0790 /* DUNAppearance.m in Sources */ = {isa = PBXBuildFile; fileRef = C3006F9A1885B369007B0790 /* DUNAppearance.m */; };
		C3068AA718A15FD400A8C279 /* NSDate-Utilities.m in Sources */ = {isa = PBXBuildFile; fileRef = C3068AA618A15FD400A8C279 /* NSDate-Utilities.m */; };
		C34B67A518929F4200407497 /* DUNTimelinePoll.m in Sources */ = {isa = PBXBuildFile; fileRef = C34B67A418929F4200407497 /* DUNTimelinePoll.m */; };
		C34B67AB1893188600407497 /* DUNAPI.m in Sources */ = {isa = PBXBuildFile; fileRef = C34B67A81893188600407497 /* DUNAPI.m */; };
		C35C3D101899D0A9001A16D2 /* DUNSideMenuTVC.m in Sources */ = {isa = PBXBuildFile; fileRef = C35C3D0F1899D0A9001A16D2 /* DUNSideMenuTVC.m */; };
		C35C3D131899E488001A16D2 /* DUNEventCell.m in Sources */ = {isa = PBXBuildFile; fileRef = C35C3D121899E488001A16D2 /* DUNEventCell.m */; };
		C371C62018A2B7DD00186EC0 /* DUNTimelineStartPointCell.m in Sources */ = {isa = PBXBuildFile; fileRef = C371C61F18A2B7DD00186EC0 /* DUNTimelineStartPointCell.m */; };
		C371EA2518A2CBC7001C9450 /* DUNTimelineEndPointCell.m in Sources */ = {isa = PBXBuildFile; fileRef = C371EA2418A2CBC7001C9450 /* DUNTimelineEndPointCell.m */; };
		C371EA2B18A2D808001C9450 /* DUNAPIMock.m in Sources */ = {isa = PBXBuildFile; fileRef = C371EA2A18A2D808001C9450 /* DUNAPIMock.m */; };
		C3850B06188F9ADF008E46FE /* DUNTimelineMessageCell.m in Sources */ = {isa = PBXBuildFile; fileRef = C3850B05188F9ADF008E46FE /* DUNTimelineMessageCell.m */; };
		C3850B09188F9CAD008E46FE /* DUNTimelineTVC.m in Sources */ = {isa = PBXBuildFile; fileRef = C3850B08188F9CAD008E46FE /* DUNTimelineTVC.m */; };
		C3850B0D188F9E25008E46FE /* DUNTimelineUserMessage.m in Sources */ = {isa = PBXBuildFile; fileRef = C3850B0C188F9E25008E46FE /* DUNTimelineUserMessage.m */; };
		C385EF07188B34870022A574 /* NSString+Cool.m in Sources */ = {isa = PBXBuildFile; fileRef = C385EF04188B34870022A574 /* NSString+Cool.m */; };
		C385EF08188B34870022A574 /* DUNPusher.m in Sources */ = {isa = PBXBuildFile; fileRef = C385EF06188B34870022A574 /* DUNPusher.m */; };
		C385EF0D188B36880022A574 /* DUNProfileVC.m in Sources */ = {isa = PBXBuildFile; fileRef = C385EF0C188B36880022A574 /* DUNProfileVC.m */; };
		C38D27C918991C70008B8181 /* DUNSession.m in Sources */ = {isa = PBXBuildFile; fileRef = C38D27C718991C70008B8181 /* DUNSession.m */; };
		C38D27CB18992DFF008B8181 /* Main.storyboard in Resources */ = {isa = PBXBuildFile; fileRef = C38D27CA18992DFF008B8181 /* Main.storyboard */; };
		C38D7D83189E9D77002CE198 /* DUNTimeline.m in Sources */ = {isa = PBXBuildFile; fileRef = C3D56DB4189D7499009DAFAC /* DUNTimeline.m */; };
		C38D7D84189E9D7C002CE198 /* DUNTimelineInteraction.m in Sources */ = {isa = PBXBuildFile; fileRef = C3D56DB1189D742E009DAFAC /* DUNTimelineInteraction.m */; };
		C38D7D85189E9D81002CE198 /* DUNTimelineRating.m in Sources */ = {isa = PBXBuildFile; fileRef = C3D56DB7189D7647009DAFAC /* DUNTimelineRating.m */; };
		C38D7D86189E9D85002CE198 /* DUNTimelineUserMessage.m in Sources */ = {isa = PBXBuildFile; fileRef = C3850B0C188F9E25008E46FE /* DUNTimelineUserMessage.m */; };
		C38D7D87189E9D85002CE198 /* DUNTimelinePoll.m in Sources */ = {isa = PBXBuildFile; fileRef = C34B67A418929F4200407497 /* DUNTimelinePoll.m */; };
		C3A1920F1888C34200061FF2 /* DUNEvent.m in Sources */ = {isa = PBXBuildFile; fileRef = C3DFCB45188805FE00C19D1F /* DUNEvent.m */; };
		C3C10C8318AC1BAD0036A6E7 /* DUNUser.m in Sources */ = {isa = PBXBuildFile; fileRef = C3C10C8218AC1BAD0036A6E7 /* DUNUser.m */; };
		C3D56DB2189D742E009DAFAC /* DUNTimelineInteraction.m in Sources */ = {isa = PBXBuildFile; fileRef = C3D56DB1189D742E009DAFAC /* DUNTimelineInteraction.m */; };
		C3D56DB5189D7499009DAFAC /* DUNTimeline.m in Sources */ = {isa = PBXBuildFile; fileRef = C3D56DB4189D7499009DAFAC /* DUNTimeline.m */; };
		C3D56DB8189D7647009DAFAC /* DUNTimelineRating.m in Sources */ = {isa = PBXBuildFile; fileRef = C3D56DB7189D7647009DAFAC /* DUNTimelineRating.m */; };
		C3DFCB46188805FE00C19D1F /* DUNEvent.m in Sources */ = {isa = PBXBuildFile; fileRef = C3DFCB45188805FE00C19D1F /* DUNEvent.m */; };
		C3DFCB49188813E200C19D1F /* DUNTeacher.m in Sources */ = {isa = PBXBuildFile; fileRef = C3DFCB48188813E200C19D1F /* DUNTeacher.m */; };
		C3DFCB4C1888146900C19D1F /* DUNOrganization.m in Sources */ = {isa = PBXBuildFile; fileRef = C3DFCB4B1888146900C19D1F /* DUNOrganization.m */; };
		C3EEB39818A93E1200B6BFDA /* DUNPollVC.m in Sources */ = {isa = PBXBuildFile; fileRef = C3EEB39618A93E1200B6BFDA /* DUNPollVC.m */; };
		C3EEB39918A93E1200B6BFDA /* DUNPollVC.xib in Resources */ = {isa = PBXBuildFile; fileRef = C3EEB39718A93E1200B6BFDA /* DUNPollVC.xib */; };
		CCBF397B59D6404DB23C7F98 /* libPods.a in Frameworks */ = {isa = PBXBuildFile; fileRef = DF1976053BB44A65A795ECBC /* libPods.a */; };
/* End PBXBuildFile section */

/* Begin PBXContainerItemProxy section */
		C3006F7D18859432007B0790 /* PBXContainerItemProxy */ = {
			isa = PBXContainerItemProxy;
			containerPortal = C3006F4F18859432007B0790 /* Project object */;
			proxyType = 1;
			remoteGlobalIDString = C3006F5618859432007B0790;
			remoteInfo = dunno;
		};
/* End PBXContainerItemProxy section */

/* Begin PBXFileReference section */
		36955499C35D4792BA30F6C1 /* Pods.xcconfig */ = {isa = PBXFileReference; includeInIndex = 1; lastKnownFileType = text.xcconfig; name = Pods.xcconfig; path = Pods/Pods.xcconfig; sourceTree = "<group>"; };
		5EF84BA6EC0240DEAD8D2BD1 /* libPods-dunnoTests.a */ = {isa = PBXFileReference; explicitFileType = archive.ar; includeInIndex = 0; path = "libPods-dunnoTests.a"; sourceTree = BUILT_PRODUCTS_DIR; };
		C3006F5718859432007B0790 /* dunno.app */ = {isa = PBXFileReference; explicitFileType = wrapper.application; includeInIndex = 0; path = dunno.app; sourceTree = BUILT_PRODUCTS_DIR; };
		C3006F5A18859432007B0790 /* Foundation.framework */ = {isa = PBXFileReference; lastKnownFileType = wrapper.framework; name = Foundation.framework; path = System/Library/Frameworks/Foundation.framework; sourceTree = SDKROOT; };
		C3006F5C18859432007B0790 /* CoreGraphics.framework */ = {isa = PBXFileReference; lastKnownFileType = wrapper.framework; name = CoreGraphics.framework; path = System/Library/Frameworks/CoreGraphics.framework; sourceTree = SDKROOT; };
		C3006F5E18859432007B0790 /* UIKit.framework */ = {isa = PBXFileReference; lastKnownFileType = wrapper.framework; name = UIKit.framework; path = System/Library/Frameworks/UIKit.framework; sourceTree = SDKROOT; };
		C3006F6218859432007B0790 /* dunno-Info.plist */ = {isa = PBXFileReference; lastKnownFileType = text.plist.xml; path = "dunno-Info.plist"; sourceTree = "<group>"; };
		C3006F6418859432007B0790 /* en */ = {isa = PBXFileReference; lastKnownFileType = text.plist.strings; name = en; path = en.lproj/InfoPlist.strings; sourceTree = "<group>"; };
		C3006F6618859432007B0790 /* main.m */ = {isa = PBXFileReference; lastKnownFileType = sourcecode.c.objc; path = main.m; sourceTree = "<group>"; };
		C3006F6818859432007B0790 /* dunno-Prefix.pch */ = {isa = PBXFileReference; lastKnownFileType = sourcecode.c.h; path = "dunno-Prefix.pch"; sourceTree = "<group>"; };
		C3006F6918859432007B0790 /* DUNAppDelegate.h */ = {isa = PBXFileReference; lastKnownFileType = sourcecode.c.h; path = DUNAppDelegate.h; sourceTree = "<group>"; };
		C3006F6A18859432007B0790 /* DUNAppDelegate.m */ = {isa = PBXFileReference; lastKnownFileType = sourcecode.c.objc; path = DUNAppDelegate.m; sourceTree = "<group>"; };
		C3006F7218859432007B0790 /* Images.xcassets */ = {isa = PBXFileReference; lastKnownFileType = folder.assetcatalog; path = Images.xcassets; sourceTree = "<group>"; };
		C3006F7818859432007B0790 /* dunnoTests.xctest */ = {isa = PBXFileReference; explicitFileType = wrapper.cfbundle; includeInIndex = 0; path = dunnoTests.xctest; sourceTree = BUILT_PRODUCTS_DIR; };
		C3006F7918859432007B0790 /* XCTest.framework */ = {isa = PBXFileReference; lastKnownFileType = wrapper.framework; name = XCTest.framework; path = Library/Frameworks/XCTest.framework; sourceTree = DEVELOPER_DIR; };
		C3006F8118859432007B0790 /* dunnoTests-Info.plist */ = {isa = PBXFileReference; lastKnownFileType = text.plist.xml; path = "dunnoTests-Info.plist"; sourceTree = "<group>"; };
		C3006F8318859432007B0790 /* en */ = {isa = PBXFileReference; lastKnownFileType = text.plist.strings; name = en; path = en.lproj/InfoPlist.strings; sourceTree = "<group>"; };
		C3006F9618859A1B007B0790 /* DUNStyles.h */ = {isa = PBXFileReference; fileEncoding = 4; lastKnownFileType = sourcecode.c.h; path = DUNStyles.h; sourceTree = "<group>"; };
		C3006F9718859A1B007B0790 /* DUNStyles.m */ = {isa = PBXFileReference; fileEncoding = 4; lastKnownFileType = sourcecode.c.objc; path = DUNStyles.m; sourceTree = "<group>"; };
		C3006F991885B369007B0790 /* DUNAppearance.h */ = {isa = PBXFileReference; fileEncoding = 4; lastKnownFileType = sourcecode.c.h; path = DUNAppearance.h; sourceTree = "<group>"; };
		C3006F9A1885B369007B0790 /* DUNAppearance.m */ = {isa = PBXFileReference; fileEncoding = 4; lastKnownFileType = sourcecode.c.objc; path = DUNAppearance.m; sourceTree = "<group>"; };
		C3068AA518A15FD400A8C279 /* NSDate-Utilities.h */ = {isa = PBXFileReference; fileEncoding = 4; lastKnownFileType = sourcecode.c.h; path = "NSDate-Utilities.h"; sourceTree = "<group>"; };
		C3068AA618A15FD400A8C279 /* NSDate-Utilities.m */ = {isa = PBXFileReference; fileEncoding = 4; lastKnownFileType = sourcecode.c.objc; path = "NSDate-Utilities.m"; sourceTree = "<group>"; };
		C34B67A318929F4200407497 /* DUNTimelinePoll.h */ = {isa = PBXFileReference; fileEncoding = 4; lastKnownFileType = sourcecode.c.h; path = DUNTimelinePoll.h; sourceTree = "<group>"; };
		C34B67A418929F4200407497 /* DUNTimelinePoll.m */ = {isa = PBXFileReference; fileEncoding = 4; lastKnownFileType = sourcecode.c.objc; path = DUNTimelinePoll.m; sourceTree = "<group>"; };
		C34B67A71893188600407497 /* DUNAPI.h */ = {isa = PBXFileReference; fileEncoding = 4; lastKnownFileType = sourcecode.c.h; path = DUNAPI.h; sourceTree = "<group>"; };
		C34B67A81893188600407497 /* DUNAPI.m */ = {isa = PBXFileReference; fileEncoding = 4; lastKnownFileType = sourcecode.c.objc; path = DUNAPI.m; sourceTree = "<group>"; };
		C34F3319188B2DC200A3C11C /* DUNConfig.h */ = {isa = PBXFileReference; lastKnownFileType = sourcecode.c.h; path = DUNConfig.h; sourceTree = "<group>"; };
		C35C3D0E1899D0A9001A16D2 /* DUNSideMenuTVC.h */ = {isa = PBXFileReference; fileEncoding = 4; lastKnownFileType = sourcecode.c.h; path = DUNSideMenuTVC.h; sourceTree = "<group>"; };
		C35C3D0F1899D0A9001A16D2 /* DUNSideMenuTVC.m */ = {isa = PBXFileReference; fileEncoding = 4; lastKnownFileType = sourcecode.c.objc; path = DUNSideMenuTVC.m; sourceTree = "<group>"; };
		C35C3D111899E488001A16D2 /* DUNEventCell.h */ = {isa = PBXFileReference; fileEncoding = 4; lastKnownFileType = sourcecode.c.h; path = DUNEventCell.h; sourceTree = "<group>"; };
		C35C3D121899E488001A16D2 /* DUNEventCell.m */ = {isa = PBXFileReference; fileEncoding = 4; lastKnownFileType = sourcecode.c.objc; path = DUNEventCell.m; sourceTree = "<group>"; };
		C371C61E18A2B7DD00186EC0 /* DUNTimelineStartPointCell.h */ = {isa = PBXFileReference; fileEncoding = 4; lastKnownFileType = sourcecode.c.h; path = DUNTimelineStartPointCell.h; sourceTree = "<group>"; };
		C371C61F18A2B7DD00186EC0 /* DUNTimelineStartPointCell.m */ = {isa = PBXFileReference; fileEncoding = 4; lastKnownFileType = sourcecode.c.objc; path = DUNTimelineStartPointCell.m; sourceTree = "<group>"; };
		C371EA2318A2CBC7001C9450 /* DUNTimelineEndPointCell.h */ = {isa = PBXFileReference; fileEncoding = 4; lastKnownFileType = sourcecode.c.h; path = DUNTimelineEndPointCell.h; sourceTree = "<group>"; };
		C371EA2418A2CBC7001C9450 /* DUNTimelineEndPointCell.m */ = {isa = PBXFileReference; fileEncoding = 4; lastKnownFileType = sourcecode.c.objc; path = DUNTimelineEndPointCell.m; sourceTree = "<group>"; };
		C371EA2918A2D808001C9450 /* DUNAPIMock.h */ = {isa = PBXFileReference; fileEncoding = 4; lastKnownFileType = sourcecode.c.h; path = DUNAPIMock.h; sourceTree = "<group>"; };
		C371EA2A18A2D808001C9450 /* DUNAPIMock.m */ = {isa = PBXFileReference; fileEncoding = 4; lastKnownFileType = sourcecode.c.objc; path = DUNAPIMock.m; sourceTree = "<group>"; };
		C3850B04188F9ADF008E46FE /* DUNTimelineMessageCell.h */ = {isa = PBXFileReference; fileEncoding = 4; lastKnownFileType = sourcecode.c.h; path = DUNTimelineMessageCell.h; sourceTree = "<group>"; };
		C3850B05188F9ADF008E46FE /* DUNTimelineMessageCell.m */ = {isa = PBXFileReference; fileEncoding = 4; lastKnownFileType = sourcecode.c.objc; path = DUNTimelineMessageCell.m; sourceTree = "<group>"; };
		C3850B07188F9CAD008E46FE /* DUNTimelineTVC.h */ = {isa = PBXFileReference; fileEncoding = 4; lastKnownFileType = sourcecode.c.h; path = DUNTimelineTVC.h; sourceTree = "<group>"; };
		C3850B08188F9CAD008E46FE /* DUNTimelineTVC.m */ = {isa = PBXFileReference; fileEncoding = 4; lastKnownFileType = sourcecode.c.objc; path = DUNTimelineTVC.m; sourceTree = "<group>"; };
		C3850B0B188F9E25008E46FE /* DUNTimelineUserMessage.h */ = {isa = PBXFileReference; fileEncoding = 4; lastKnownFileType = sourcecode.c.h; path = DUNTimelineUserMessage.h; sourceTree = "<group>"; };
		C3850B0C188F9E25008E46FE /* DUNTimelineUserMessage.m */ = {isa = PBXFileReference; fileEncoding = 4; lastKnownFileType = sourcecode.c.objc; path = DUNTimelineUserMessage.m; sourceTree = "<group>"; };
		C385EF04188B34870022A574 /* NSString+Cool.m */ = {isa = PBXFileReference; fileEncoding = 4; lastKnownFileType = sourcecode.c.objc; path = "NSString+Cool.m"; sourceTree = "<group>"; };
		C385EF05188B34870022A574 /* NSString+Cool.h */ = {isa = PBXFileReference; fileEncoding = 4; lastKnownFileType = sourcecode.c.h; path = "NSString+Cool.h"; sourceTree = "<group>"; };
		C385EF06188B34870022A574 /* DUNPusher.m */ = {isa = PBXFileReference; fileEncoding = 4; lastKnownFileType = sourcecode.c.objc; path = DUNPusher.m; sourceTree = "<group>"; };
		C385EF09188B348F0022A574 /* DUNPusher.h */ = {isa = PBXFileReference; fileEncoding = 4; lastKnownFileType = sourcecode.c.h; path = DUNPusher.h; sourceTree = "<group>"; };
		C385EF0B188B36880022A574 /* DUNProfileVC.h */ = {isa = PBXFileReference; fileEncoding = 4; lastKnownFileType = sourcecode.c.h; path = DUNProfileVC.h; sourceTree = "<group>"; };
		C385EF0C188B36880022A574 /* DUNProfileVC.m */ = {isa = PBXFileReference; fileEncoding = 4; lastKnownFileType = sourcecode.c.objc; path = DUNProfileVC.m; sourceTree = "<group>"; };
		C38D27C718991C70008B8181 /* DUNSession.m */ = {isa = PBXFileReference; fileEncoding = 4; lastKnownFileType = sourcecode.c.objc; path = DUNSession.m; sourceTree = "<group>"; };
		C38D27C818991C70008B8181 /* DUNSession.h */ = {isa = PBXFileReference; fileEncoding = 4; lastKnownFileType = sourcecode.c.h; path = DUNSession.h; sourceTree = "<group>"; };
		C38D27CA18992DFF008B8181 /* Main.storyboard */ = {isa = PBXFileReference; fileEncoding = 4; lastKnownFileType = file.storyboard; path = Main.storyboard; sourceTree = "<group>"; };
		C3C10C8118AC1BAD0036A6E7 /* DUNUser.h */ = {isa = PBXFileReference; fileEncoding = 4; lastKnownFileType = sourcecode.c.h; path = DUNUser.h; sourceTree = "<group>"; };
		C3C10C8218AC1BAD0036A6E7 /* DUNUser.m */ = {isa = PBXFileReference; fileEncoding = 4; lastKnownFileType = sourcecode.c.objc; path = DUNUser.m; sourceTree = "<group>"; };
		C3D56DB0189D742E009DAFAC /* DUNTimelineInteraction.h */ = {isa = PBXFileReference; fileEncoding = 4; lastKnownFileType = sourcecode.c.h; path = DUNTimelineInteraction.h; sourceTree = "<group>"; };
		C3D56DB1189D742E009DAFAC /* DUNTimelineInteraction.m */ = {isa = PBXFileReference; fileEncoding = 4; lastKnownFileType = sourcecode.c.objc; path = DUNTimelineInteraction.m; sourceTree = "<group>"; };
		C3D56DB3189D7499009DAFAC /* DUNTimeline.h */ = {isa = PBXFileReference; fileEncoding = 4; lastKnownFileType = sourcecode.c.h; path = DUNTimeline.h; sourceTree = "<group>"; };
		C3D56DB4189D7499009DAFAC /* DUNTimeline.m */ = {isa = PBXFileReference; fileEncoding = 4; lastKnownFileType = sourcecode.c.objc; path = DUNTimeline.m; sourceTree = "<group>"; };
		C3D56DB6189D7647009DAFAC /* DUNTimelineRating.h */ = {isa = PBXFileReference; fileEncoding = 4; lastKnownFileType = sourcecode.c.h; path = DUNTimelineRating.h; sourceTree = "<group>"; };
		C3D56DB7189D7647009DAFAC /* DUNTimelineRating.m */ = {isa = PBXFileReference; fileEncoding = 4; lastKnownFileType = sourcecode.c.objc; path = DUNTimelineRating.m; sourceTree = "<group>"; };
		C3DFCB44188805FE00C19D1F /* DUNEvent.h */ = {isa = PBXFileReference; fileEncoding = 4; lastKnownFileType = sourcecode.c.h; path = DUNEvent.h; sourceTree = "<group>"; };
		C3DFCB45188805FE00C19D1F /* DUNEvent.m */ = {isa = PBXFileReference; fileEncoding = 4; lastKnownFileType = sourcecode.c.objc; path = DUNEvent.m; sourceTree = "<group>"; };
		C3DFCB47188813E200C19D1F /* DUNTeacher.h */ = {isa = PBXFileReference; fileEncoding = 4; lastKnownFileType = sourcecode.c.h; path = DUNTeacher.h; sourceTree = "<group>"; };
		C3DFCB48188813E200C19D1F /* DUNTeacher.m */ = {isa = PBXFileReference; fileEncoding = 4; lastKnownFileType = sourcecode.c.objc; path = DUNTeacher.m; sourceTree = "<group>"; };
		C3DFCB4A1888146900C19D1F /* DUNOrganization.h */ = {isa = PBXFileReference; fileEncoding = 4; lastKnownFileType = sourcecode.c.h; path = DUNOrganization.h; sourceTree = "<group>"; };
		C3DFCB4B1888146900C19D1F /* DUNOrganization.m */ = {isa = PBXFileReference; fileEncoding = 4; lastKnownFileType = sourcecode.c.objc; path = DUNOrganization.m; sourceTree = "<group>"; };
		C3EEB39518A93E1200B6BFDA /* DUNPollVC.h */ = {isa = PBXFileReference; fileEncoding = 4; lastKnownFileType = sourcecode.c.h; path = DUNPollVC.h; sourceTree = "<group>"; };
		C3EEB39618A93E1200B6BFDA /* DUNPollVC.m */ = {isa = PBXFileReference; fileEncoding = 4; lastKnownFileType = sourcecode.c.objc; path = DUNPollVC.m; sourceTree = "<group>"; };
		C3EEB39718A93E1200B6BFDA /* DUNPollVC.xib */ = {isa = PBXFileReference; fileEncoding = 4; lastKnownFileType = file.xib; path = DUNPollVC.xib; sourceTree = "<group>"; };
		DF1976053BB44A65A795ECBC /* libPods.a */ = {isa = PBXFileReference; explicitFileType = archive.ar; includeInIndex = 0; path = libPods.a; sourceTree = BUILT_PRODUCTS_DIR; };
		E6F3B731C29E42E080946113 /* Pods-dunnoTests.xcconfig */ = {isa = PBXFileReference; includeInIndex = 1; lastKnownFileType = text.xcconfig; name = "Pods-dunnoTests.xcconfig"; path = "Pods/Pods-dunnoTests.xcconfig"; sourceTree = "<group>"; };
/* End PBXFileReference section */

/* Begin PBXFrameworksBuildPhase section */
		C3006F5418859432007B0790 /* Frameworks */ = {
			isa = PBXFrameworksBuildPhase;
			buildActionMask = 2147483647;
			files = (
				C3006F5D18859432007B0790 /* CoreGraphics.framework in Frameworks */,
				C3006F5F18859432007B0790 /* UIKit.framework in Frameworks */,
				C3006F5B18859432007B0790 /* Foundation.framework in Frameworks */,
				CCBF397B59D6404DB23C7F98 /* libPods.a in Frameworks */,
			);
			runOnlyForDeploymentPostprocessing = 0;
		};
		C3006F7518859432007B0790 /* Frameworks */ = {
			isa = PBXFrameworksBuildPhase;
			buildActionMask = 2147483647;
			files = (
				C3006F7A18859432007B0790 /* XCTest.framework in Frameworks */,
				C3006F7C18859432007B0790 /* UIKit.framework in Frameworks */,
				C3006F7B18859432007B0790 /* Foundation.framework in Frameworks */,
				6A27A590CA134ADBB1B5D24C /* libPods-dunnoTests.a in Frameworks */,
			);
			runOnlyForDeploymentPostprocessing = 0;
		};
/* End PBXFrameworksBuildPhase section */

/* Begin PBXGroup section */
		C3006F4E18859432007B0790 = {
			isa = PBXGroup;
			children = (
				C3006F6018859432007B0790 /* dunno */,
				C3006F7F18859432007B0790 /* dunnoTests */,
				C3006F5918859432007B0790 /* Frameworks */,
				C3006F5818859432007B0790 /* Products */,
				36955499C35D4792BA30F6C1 /* Pods.xcconfig */,
				E6F3B731C29E42E080946113 /* Pods-dunnoTests.xcconfig */,
			);
			sourceTree = "<group>";
		};
		C3006F5818859432007B0790 /* Products */ = {
			isa = PBXGroup;
			children = (
				C3006F5718859432007B0790 /* dunno.app */,
				C3006F7818859432007B0790 /* dunnoTests.xctest */,
			);
			name = Products;
			sourceTree = "<group>";
		};
		C3006F5918859432007B0790 /* Frameworks */ = {
			isa = PBXGroup;
			children = (
				C3006F5A18859432007B0790 /* Foundation.framework */,
				C3006F5C18859432007B0790 /* CoreGraphics.framework */,
				C3006F5E18859432007B0790 /* UIKit.framework */,
				C3006F7918859432007B0790 /* XCTest.framework */,
				DF1976053BB44A65A795ECBC /* libPods.a */,
				5EF84BA6EC0240DEAD8D2BD1 /* libPods-dunnoTests.a */,
			);
			name = Frameworks;
			sourceTree = "<group>";
		};
		C3006F6018859432007B0790 /* dunno */ = {
			isa = PBXGroup;
			children = (
				C3068AA418A15FD400A8C279 /* ThirdParty */,
				C3006F95188599F8007B0790 /* Components */,
				C3850B03188F9AD3008E46FE /* CustomViews */,
				C385EF0A188B36880022A574 /* Controllers */,
				C3006F8F18859853007B0790 /* Models */,
				C3006F7218859432007B0790 /* Images.xcassets */,
				C38D27CA18992DFF008B8181 /* Main.storyboard */,
				C3006F6118859432007B0790 /* Supporting Files */,
			);
			path = dunno;
			sourceTree = "<group>";
		};
		C3006F6118859432007B0790 /* Supporting Files */ = {
			isa = PBXGroup;
			children = (
				C3006F6918859432007B0790 /* DUNAppDelegate.h */,
				C3006F6A18859432007B0790 /* DUNAppDelegate.m */,
				C3006F6218859432007B0790 /* dunno-Info.plist */,
				C3006F6318859432007B0790 /* InfoPlist.strings */,
				C3006F6618859432007B0790 /* main.m */,
				C3006F6818859432007B0790 /* dunno-Prefix.pch */,
			);
			name = "Supporting Files";
			sourceTree = "<group>";
		};
		C3006F7F18859432007B0790 /* dunnoTests */ = {
			isa = PBXGroup;
			children = (
				C3006F8018859432007B0790 /* Supporting Files */,
			);
			path = dunnoTests;
			sourceTree = "<group>";
		};
		C3006F8018859432007B0790 /* Supporting Files */ = {
			isa = PBXGroup;
			children = (
				C3006F8118859432007B0790 /* dunnoTests-Info.plist */,
				C3006F8218859432007B0790 /* InfoPlist.strings */,
			);
			name = "Supporting Files";
			sourceTree = "<group>";
		};
		C3006F8F18859853007B0790 /* Models */ = {
			isa = PBXGroup;
			children = (
				C3C10C8118AC1BAD0036A6E7 /* DUNUser.h */,
				C3C10C8218AC1BAD0036A6E7 /* DUNUser.m */,
				C3DFCB47188813E200C19D1F /* DUNTeacher.h */,
				C3DFCB48188813E200C19D1F /* DUNTeacher.m */,
				C3850B0A188F9E06008E46FE /* Timeline */,
				C3DFCB44188805FE00C19D1F /* DUNEvent.h */,
				C3DFCB45188805FE00C19D1F /* DUNEvent.m */,
				C3DFCB4A1888146900C19D1F /* DUNOrganization.h */,
				C3DFCB4B1888146900C19D1F /* DUNOrganization.m */,
			);
			path = Models;
			sourceTree = "<group>";
		};
		C3006F95188599F8007B0790 /* Components */ = {
			isa = PBXGroup;
			children = (
				C38D27C818991C70008B8181 /* DUNSession.h */,
				C38D27C718991C70008B8181 /* DUNSession.m */,
				C34B67A61893188600407497 /* API */,
				C385EF04188B34870022A574 /* NSString+Cool.m */,
				C385EF05188B34870022A574 /* NSString+Cool.h */,
				C385EF09188B348F0022A574 /* DUNPusher.h */,
				C385EF06188B34870022A574 /* DUNPusher.m */,
				C3006F9618859A1B007B0790 /* DUNStyles.h */,
				C3006F9718859A1B007B0790 /* DUNStyles.m */,
				C3006F991885B369007B0790 /* DUNAppearance.h */,
				C3006F9A1885B369007B0790 /* DUNAppearance.m */,
				C34F3319188B2DC200A3C11C /* DUNConfig.h */,
			);
			path = Components;
			sourceTree = "<group>";
		};
		C3068AA418A15FD400A8C279 /* ThirdParty */ = {
			isa = PBXGroup;
			children = (
				C3068AA518A15FD400A8C279 /* NSDate-Utilities.h */,
				C3068AA618A15FD400A8C279 /* NSDate-Utilities.m */,
			);
			path = ThirdParty;
			sourceTree = "<group>";
		};
		C34B67A61893188600407497 /* API */ = {
			isa = PBXGroup;
			children = (
				C34B67A71893188600407497 /* DUNAPI.h */,
				C34B67A81893188600407497 /* DUNAPI.m */,
				C371EA2918A2D808001C9450 /* DUNAPIMock.h */,
				C371EA2A18A2D808001C9450 /* DUNAPIMock.m */,
			);
			path = API;
			sourceTree = "<group>";
		};
		C3850B03188F9AD3008E46FE /* CustomViews */ = {
			isa = PBXGroup;
			children = (
				C371C61E18A2B7DD00186EC0 /* DUNTimelineStartPointCell.h */,
				C371C61F18A2B7DD00186EC0 /* DUNTimelineStartPointCell.m */,
				C371EA2318A2CBC7001C9450 /* DUNTimelineEndPointCell.h */,
				C371EA2418A2CBC7001C9450 /* DUNTimelineEndPointCell.m */,
				C3850B04188F9ADF008E46FE /* DUNTimelineMessageCell.h */,
				C3850B05188F9ADF008E46FE /* DUNTimelineMessageCell.m */,
				C35C3D111899E488001A16D2 /* DUNEventCell.h */,
				C35C3D121899E488001A16D2 /* DUNEventCell.m */,
			);
			path = CustomViews;
			sourceTree = "<group>";
		};
		C3850B0A188F9E06008E46FE /* Timeline */ = {
			isa = PBXGroup;
			children = (
				C3850B0B188F9E25008E46FE /* DUNTimelineUserMessage.h */,
				C3850B0C188F9E25008E46FE /* DUNTimelineUserMessage.m */,
				C34B67A318929F4200407497 /* DUNTimelinePoll.h */,
				C34B67A418929F4200407497 /* DUNTimelinePoll.m */,
				C3D56DB6189D7647009DAFAC /* DUNTimelineRating.h */,
				C3D56DB7189D7647009DAFAC /* DUNTimelineRating.m */,
				C3D56DB0189D742E009DAFAC /* DUNTimelineInteraction.h */,
				C3D56DB1189D742E009DAFAC /* DUNTimelineInteraction.m */,
				C3D56DB3189D7499009DAFAC /* DUNTimeline.h */,
				C3D56DB4189D7499009DAFAC /* DUNTimeline.m */,
			);
			path = Timeline;
			sourceTree = "<group>";
		};
		C385EF0A188B36880022A574 /* Controllers */ = {
			isa = PBXGroup;
			children = (
				C3EEB39418A93DE000B6BFDA /* Modals */,
				C385EF0B188B36880022A574 /* DUNProfileVC.h */,
				C385EF0C188B36880022A574 /* DUNProfileVC.m */,
				C3850B07188F9CAD008E46FE /* DUNTimelineTVC.h */,
				C3850B08188F9CAD008E46FE /* DUNTimelineTVC.m */,
				C35C3D0E1899D0A9001A16D2 /* DUNSideMenuTVC.h */,
				C35C3D0F1899D0A9001A16D2 /* DUNSideMenuTVC.m */,
			);
			path = Controllers;
			sourceTree = "<group>";
		};
		C3EEB39418A93DE000B6BFDA /* Modals */ = {
			isa = PBXGroup;
			children = (
				C3EEB39518A93E1200B6BFDA /* DUNPollVC.h */,
				C3EEB39618A93E1200B6BFDA /* DUNPollVC.m */,
				C3EEB39718A93E1200B6BFDA /* DUNPollVC.xib */,
			);
			path = Modals;
			sourceTree = "<group>";
		};
/* End PBXGroup section */

/* Begin PBXNativeTarget section */
		C3006F5618859432007B0790 /* dunno */ = {
			isa = PBXNativeTarget;
			buildConfigurationList = C3006F8918859432007B0790 /* Build configuration list for PBXNativeTarget "dunno" */;
			buildPhases = (
				B2C31A89D7B64F69BDC220FD /* Check Pods Manifest.lock */,
				C3006F5318859432007B0790 /* Sources */,
				C3006F5418859432007B0790 /* Frameworks */,
				C3006F5518859432007B0790 /* Resources */,
				6689BB165A68465D870407DF /* Copy Pods Resources */,
			);
			buildRules = (
			);
			dependencies = (
			);
			name = dunno;
			productName = dunno;
			productReference = C3006F5718859432007B0790 /* dunno.app */;
			productType = "com.apple.product-type.application";
		};
		C3006F7718859432007B0790 /* dunnoTests */ = {
			isa = PBXNativeTarget;
			buildConfigurationList = C3006F8C18859432007B0790 /* Build configuration list for PBXNativeTarget "dunnoTests" */;
			buildPhases = (
				BA7E2CC52C614E7981BD37F8 /* Check Pods Manifest.lock */,
				C3006F7418859432007B0790 /* Sources */,
				C3006F7518859432007B0790 /* Frameworks */,
				C3006F7618859432007B0790 /* Resources */,
				F9387B6D918449428782BC26 /* Copy Pods Resources */,
			);
			buildRules = (
			);
			dependencies = (
				C3006F7E18859432007B0790 /* PBXTargetDependency */,
			);
			name = dunnoTests;
			productName = dunnoTests;
			productReference = C3006F7818859432007B0790 /* dunnoTests.xctest */;
			productType = "com.apple.product-type.bundle.unit-test";
		};
/* End PBXNativeTarget section */

/* Begin PBXProject section */
		C3006F4F18859432007B0790 /* Project object */ = {
			isa = PBXProject;
			attributes = {
				CLASSPREFIX = DUN;
				LastUpgradeCheck = 0500;
				ORGANIZATIONNAME = dunno;
				TargetAttributes = {
					C3006F5618859432007B0790 = {
						DevelopmentTeam = GDZM3BBBRR;
					};
					C3006F7718859432007B0790 = {
						TestTargetID = C3006F5618859432007B0790;
					};
				};
			};
			buildConfigurationList = C3006F5218859432007B0790 /* Build configuration list for PBXProject "dunno" */;
			compatibilityVersion = "Xcode 3.2";
			developmentRegion = English;
			hasScannedForEncodings = 0;
			knownRegions = (
				en,
				Base,
			);
			mainGroup = C3006F4E18859432007B0790;
			productRefGroup = C3006F5818859432007B0790 /* Products */;
			projectDirPath = "";
			projectRoot = "";
			targets = (
				C3006F5618859432007B0790 /* dunno */,
				C3006F7718859432007B0790 /* dunnoTests */,
			);
		};
/* End PBXProject section */

/* Begin PBXResourcesBuildPhase section */
		C3006F5518859432007B0790 /* Resources */ = {
			isa = PBXResourcesBuildPhase;
			buildActionMask = 2147483647;
			files = (
				C3006F7318859432007B0790 /* Images.xcassets in Resources */,
				C3EEB39918A93E1200B6BFDA /* DUNPollVC.xib in Resources */,
				C3006F6518859432007B0790 /* InfoPlist.strings in Resources */,
				C38D27CB18992DFF008B8181 /* Main.storyboard in Resources */,
			);
			runOnlyForDeploymentPostprocessing = 0;
		};
		C3006F7618859432007B0790 /* Resources */ = {
			isa = PBXResourcesBuildPhase;
			buildActionMask = 2147483647;
			files = (
				C3006F8418859432007B0790 /* InfoPlist.strings in Resources */,
			);
			runOnlyForDeploymentPostprocessing = 0;
		};
/* End PBXResourcesBuildPhase section */

/* Begin PBXShellScriptBuildPhase section */
		6689BB165A68465D870407DF /* Copy Pods Resources */ = {
			isa = PBXShellScriptBuildPhase;
			buildActionMask = 2147483647;
			files = (
			);
			inputPaths = (
			);
			name = "Copy Pods Resources";
			outputPaths = (
			);
			runOnlyForDeploymentPostprocessing = 0;
			shellPath = /bin/sh;
			shellScript = "\"${SRCROOT}/Pods/Pods-resources.sh\"\n";
			showEnvVarsInLog = 0;
		};
		B2C31A89D7B64F69BDC220FD /* Check Pods Manifest.lock */ = {
			isa = PBXShellScriptBuildPhase;
			buildActionMask = 2147483647;
			files = (
			);
			inputPaths = (
			);
			name = "Check Pods Manifest.lock";
			outputPaths = (
			);
			runOnlyForDeploymentPostprocessing = 0;
			shellPath = /bin/sh;
			shellScript = "diff \"${PODS_ROOT}/../Podfile.lock\" \"${PODS_ROOT}/Manifest.lock\" > /dev/null\nif [[ $? != 0 ]] ; then\n    cat << EOM\nerror: The sandbox is not in sync with the Podfile.lock. Run 'pod install' or update your CocoaPods installation.\nEOM\n    exit 1\nfi\n";
			showEnvVarsInLog = 0;
		};
		BA7E2CC52C614E7981BD37F8 /* Check Pods Manifest.lock */ = {
			isa = PBXShellScriptBuildPhase;
			buildActionMask = 2147483647;
			files = (
			);
			inputPaths = (
			);
			name = "Check Pods Manifest.lock";
			outputPaths = (
			);
			runOnlyForDeploymentPostprocessing = 0;
			shellPath = /bin/sh;
			shellScript = "diff \"${PODS_ROOT}/../Podfile.lock\" \"${PODS_ROOT}/Manifest.lock\" > /dev/null\nif [[ $? != 0 ]] ; then\n    cat << EOM\nerror: The sandbox is not in sync with the Podfile.lock. Run 'pod install' or update your CocoaPods installation.\nEOM\n    exit 1\nfi\n";
			showEnvVarsInLog = 0;
		};
		F9387B6D918449428782BC26 /* Copy Pods Resources */ = {
			isa = PBXShellScriptBuildPhase;
			buildActionMask = 2147483647;
			files = (
			);
			inputPaths = (
			);
			name = "Copy Pods Resources";
			outputPaths = (
			);
			runOnlyForDeploymentPostprocessing = 0;
			shellPath = /bin/sh;
			shellScript = "\"${SRCROOT}/Pods/Pods-dunnoTests-resources.sh\"\n";
			showEnvVarsInLog = 0;
		};
/* End PBXShellScriptBuildPhase section */

/* Begin PBXSourcesBuildPhase section */
		C3006F5318859432007B0790 /* Sources */ = {
			isa = PBXSourcesBuildPhase;
			buildActionMask = 2147483647;
			files = (
				C3850B06188F9ADF008E46FE /* DUNTimelineMessageCell.m in Sources */,
				C34B67A518929F4200407497 /* DUNTimelinePoll.m in Sources */,
				C3DFCB4C1888146900C19D1F /* DUNOrganization.m in Sources */,
				C3EEB39818A93E1200B6BFDA /* DUNPollVC.m in Sources */,
				C3C10C8318AC1BAD0036A6E7 /* DUNUser.m in Sources */,
				C371C62018A2B7DD00186EC0 /* DUNTimelineStartPointCell.m in Sources */,
				C3068AA718A15FD400A8C279 /* NSDate-Utilities.m in Sources */,
				C371EA2518A2CBC7001C9450 /* DUNTimelineEndPointCell.m in Sources */,
				C3006F9B1885B369007B0790 /* DUNAppearance.m in Sources */,
				C35C3D131899E488001A16D2 /* DUNEventCell.m in Sources */,
				C3006F9818859A1B007B0790 /* DUNStyles.m in Sources */,
				C3850B0D188F9E25008E46FE /* DUNTimelineUserMessage.m in Sources */,
				C38D27C918991C70008B8181 /* DUNSession.m in Sources */,
				C3006F6B18859432007B0790 /* DUNAppDelegate.m in Sources */,
				C3D56DB8189D7647009DAFAC /* DUNTimelineRating.m in Sources */,
				C3DFCB46188805FE00C19D1F /* DUNEvent.m in Sources */,
				C3DFCB49188813E200C19D1F /* DUNTeacher.m in Sources */,
				C385EF07188B34870022A574 /* NSString+Cool.m in Sources */,
				C371EA2B18A2D808001C9450 /* DUNAPIMock.m in Sources */,
				C3D56DB2189D742E009DAFAC /* DUNTimelineInteraction.m in Sources */,
				C385EF0D188B36880022A574 /* DUNProfileVC.m in Sources */,
				C385EF08188B34870022A574 /* DUNPusher.m in Sources */,
				C3006F6718859432007B0790 /* main.m in Sources */,
				C35C3D101899D0A9001A16D2 /* DUNSideMenuTVC.m in Sources */,
				C3850B09188F9CAD008E46FE /* DUNTimelineTVC.m in Sources */,
				C3D56DB5189D7499009DAFAC /* DUNTimeline.m in Sources */,
				C34B67AB1893188600407497 /* DUNAPI.m in Sources */,
			);
			runOnlyForDeploymentPostprocessing = 0;
		};
		C3006F7418859432007B0790 /* Sources */ = {
			isa = PBXSourcesBuildPhase;
			buildActionMask = 2147483647;
			files = (
				C38D7D85189E9D81002CE198 /* DUNTimelineRating.m in Sources */,
				C38D7D83189E9D77002CE198 /* DUNTimeline.m in Sources */,
				C38D7D86189E9D85002CE198 /* DUNTimelineUserMessage.m in Sources */,
				C38D7D84189E9D7C002CE198 /* DUNTimelineInteraction.m in Sources */,
				C38D7D87189E9D85002CE198 /* DUNTimelinePoll.m in Sources */,
				C3A1920F1888C34200061FF2 /* DUNEvent.m in Sources */,
			);
			runOnlyForDeploymentPostprocessing = 0;
		};
/* End PBXSourcesBuildPhase section */

/* Begin PBXTargetDependency section */
		C3006F7E18859432007B0790 /* PBXTargetDependency */ = {
			isa = PBXTargetDependency;
			target = C3006F5618859432007B0790 /* dunno */;
			targetProxy = C3006F7D18859432007B0790 /* PBXContainerItemProxy */;
		};
/* End PBXTargetDependency section */

/* Begin PBXVariantGroup section */
		C3006F6318859432007B0790 /* InfoPlist.strings */ = {
			isa = PBXVariantGroup;
			children = (
				C3006F6418859432007B0790 /* en */,
			);
			name = InfoPlist.strings;
			sourceTree = "<group>";
		};
		C3006F8218859432007B0790 /* InfoPlist.strings */ = {
			isa = PBXVariantGroup;
			children = (
				C3006F8318859432007B0790 /* en */,
			);
			name = InfoPlist.strings;
			sourceTree = "<group>";
		};
/* End PBXVariantGroup section */

/* Begin XCBuildConfiguration section */
		C3006F8718859432007B0790 /* Debug */ = {
			isa = XCBuildConfiguration;
			buildSettings = {
				ALWAYS_SEARCH_USER_PATHS = NO;
				ARCHS = "$(ARCHS_STANDARD_INCLUDING_64_BIT)";
				CLANG_CXX_LANGUAGE_STANDARD = "gnu++0x";
				CLANG_CXX_LIBRARY = "libc++";
				CLANG_ENABLE_MODULES = YES;
				CLANG_ENABLE_OBJC_ARC = YES;
				CLANG_WARN_BOOL_CONVERSION = YES;
				CLANG_WARN_CONSTANT_CONVERSION = YES;
				CLANG_WARN_DIRECT_OBJC_ISA_USAGE = YES_ERROR;
				CLANG_WARN_EMPTY_BODY = YES;
				CLANG_WARN_ENUM_CONVERSION = YES;
				CLANG_WARN_INT_CONVERSION = YES;
				CLANG_WARN_OBJC_ROOT_CLASS = YES_ERROR;
				CLANG_WARN__DUPLICATE_METHOD_MATCH = YES;
				CODE_SIGN_IDENTITY = "iPhone Developer";
				"CODE_SIGN_IDENTITY[sdk=iphoneos*]" = "iPhone Developer";
				COPY_PHASE_STRIP = NO;
				GCC_C_LANGUAGE_STANDARD = gnu99;
				GCC_DYNAMIC_NO_PIC = NO;
				GCC_OPTIMIZATION_LEVEL = 0;
				GCC_PREPROCESSOR_DEFINITIONS = (
					"DEBUG=1",
					"$(inherited)",
				);
				GCC_SYMBOLS_PRIVATE_EXTERN = NO;
				GCC_WARN_64_TO_32_BIT_CONVERSION = YES;
				GCC_WARN_ABOUT_RETURN_TYPE = YES_ERROR;
				GCC_WARN_UNDECLARED_SELECTOR = YES;
				GCC_WARN_UNINITIALIZED_AUTOS = YES;
				GCC_WARN_UNUSED_FUNCTION = YES;
				GCC_WARN_UNUSED_VARIABLE = YES;
				IPHONEOS_DEPLOYMENT_TARGET = 7.0;
				ONLY_ACTIVE_ARCH = YES;
				SDKROOT = iphoneos;
				TARGETED_DEVICE_FAMILY = 2;
			};
			name = Debug;
		};
		C3006F8818859432007B0790 /* Release */ = {
			isa = XCBuildConfiguration;
			buildSettings = {
				ALWAYS_SEARCH_USER_PATHS = NO;
				ARCHS = "$(ARCHS_STANDARD_INCLUDING_64_BIT)";
				CLANG_CXX_LANGUAGE_STANDARD = "gnu++0x";
				CLANG_CXX_LIBRARY = "libc++";
				CLANG_ENABLE_MODULES = YES;
				CLANG_ENABLE_OBJC_ARC = YES;
				CLANG_WARN_BOOL_CONVERSION = YES;
				CLANG_WARN_CONSTANT_CONVERSION = YES;
				CLANG_WARN_DIRECT_OBJC_ISA_USAGE = YES_ERROR;
				CLANG_WARN_EMPTY_BODY = YES;
				CLANG_WARN_ENUM_CONVERSION = YES;
				CLANG_WARN_INT_CONVERSION = YES;
				CLANG_WARN_OBJC_ROOT_CLASS = YES_ERROR;
				CLANG_WARN__DUPLICATE_METHOD_MATCH = YES;
				CODE_SIGN_IDENTITY = "iPhone Developer";
				"CODE_SIGN_IDENTITY[sdk=iphoneos*]" = "iPhone Developer";
				COPY_PHASE_STRIP = YES;
				ENABLE_NS_ASSERTIONS = NO;
				GCC_C_LANGUAGE_STANDARD = gnu99;
				GCC_WARN_64_TO_32_BIT_CONVERSION = YES;
				GCC_WARN_ABOUT_RETURN_TYPE = YES_ERROR;
				GCC_WARN_UNDECLARED_SELECTOR = YES;
				GCC_WARN_UNINITIALIZED_AUTOS = YES;
				GCC_WARN_UNUSED_FUNCTION = YES;
				GCC_WARN_UNUSED_VARIABLE = YES;
				IPHONEOS_DEPLOYMENT_TARGET = 7.0;
				SDKROOT = iphoneos;
				TARGETED_DEVICE_FAMILY = 2;
				VALIDATE_PRODUCT = YES;
			};
			name = Release;
		};
		C3006F8A18859432007B0790 /* Debug */ = {
			isa = XCBuildConfiguration;
			baseConfigurationReference = 36955499C35D4792BA30F6C1 /* Pods.xcconfig */;
			buildSettings = {
				ASSETCATALOG_COMPILER_APPICON_NAME = AppIcon;
				ASSETCATALOG_COMPILER_LAUNCHIMAGE_NAME = LaunchImage;
				CODE_SIGN_IDENTITY = "iPhone Distribution";
				GCC_PRECOMPILE_PREFIX_HEADER = YES;
				GCC_PREFIX_HEADER = "dunno/dunno-Prefix.pch";
				INFOPLIST_FILE = "dunno/dunno-Info.plist";
				PRODUCT_NAME = "$(TARGET_NAME)";
				TARGETED_DEVICE_FAMILY = 1;
				WRAPPER_EXTENSION = app;
			};
			name = Debug;
		};
		C3006F8B18859432007B0790 /* Release */ = {
			isa = XCBuildConfiguration;
			baseConfigurationReference = 36955499C35D4792BA30F6C1 /* Pods.xcconfig */;
			buildSettings = {
				ASSETCATALOG_COMPILER_APPICON_NAME = AppIcon;
				ASSETCATALOG_COMPILER_LAUNCHIMAGE_NAME = LaunchImage;
				CODE_SIGN_IDENTITY = "iPhone Distribution";
				GCC_PRECOMPILE_PREFIX_HEADER = YES;
				GCC_PREFIX_HEADER = "dunno/dunno-Prefix.pch";
				INFOPLIST_FILE = "dunno/dunno-Info.plist";
				PRODUCT_NAME = "$(TARGET_NAME)";
				TARGETED_DEVICE_FAMILY = 1;
				WRAPPER_EXTENSION = app;
			};
			name = Release;
		};
		C3006F8D18859432007B0790 /* Debug */ = {
			isa = XCBuildConfiguration;
			baseConfigurationReference = E6F3B731C29E42E080946113 /* Pods-dunnoTests.xcconfig */;
			buildSettings = {
				ARCHS = "$(ARCHS_STANDARD_INCLUDING_64_BIT)";
				BUNDLE_LOADER = "$(BUILT_PRODUCTS_DIR)/dunno.app/dunno";
				FRAMEWORK_SEARCH_PATHS = (
					"$(SDKROOT)/Developer/Library/Frameworks",
					"$(inherited)",
					"$(DEVELOPER_FRAMEWORKS_DIR)",
				);
				GCC_PRECOMPILE_PREFIX_HEADER = YES;
				GCC_PREFIX_HEADER = "dunno/dunno-Prefix.pch";
				GCC_PREPROCESSOR_DEFINITIONS = (
					"DEBUG=1",
					"$(inherited)",
				);
				INFOPLIST_FILE = "dunnoTests/dunnoTests-Info.plist";
				PRODUCT_NAME = "$(TARGET_NAME)";
				TEST_HOST = "$(BUNDLE_LOADER)";
				WRAPPER_EXTENSION = xctest;
			};
			name = Debug;
		};
		C3006F8E18859432007B0790 /* Release */ = {
			isa = XCBuildConfiguration;
			baseConfigurationReference = E6F3B731C29E42E080946113 /* Pods-dunnoTests.xcconfig */;
			buildSettings = {
				ARCHS = "$(ARCHS_STANDARD_INCLUDING_64_BIT)";
				BUNDLE_LOADER = "$(BUILT_PRODUCTS_DIR)/dunno.app/dunno";
				FRAMEWORK_SEARCH_PATHS = (
					"$(SDKROOT)/Developer/Library/Frameworks",
					"$(inherited)",
					"$(DEVELOPER_FRAMEWORKS_DIR)",
				);
				GCC_PRECOMPILE_PREFIX_HEADER = YES;
				GCC_PREFIX_HEADER = "dunno/dunno-Prefix.pch";
				INFOPLIST_FILE = "dunnoTests/dunnoTests-Info.plist";
				PRODUCT_NAME = "$(TARGET_NAME)";
				TEST_HOST = "$(BUNDLE_LOADER)";
				WRAPPER_EXTENSION = xctest;
			};
			name = Release;
		};
/* End XCBuildConfiguration section */

/* Begin XCConfigurationList section */
		C3006F5218859432007B0790 /* Build configuration list for PBXProject "dunno" */ = {
			isa = XCConfigurationList;
			buildConfigurations = (
				C3006F8718859432007B0790 /* Debug */,
				C3006F8818859432007B0790 /* Release */,
			);
			defaultConfigurationIsVisible = 0;
			defaultConfigurationName = Release;
		};
		C3006F8918859432007B0790 /* Build configuration list for PBXNativeTarget "dunno" */ = {
			isa = XCConfigurationList;
			buildConfigurations = (
				C3006F8A18859432007B0790 /* Debug */,
				C3006F8B18859432007B0790 /* Release */,
			);
			defaultConfigurationIsVisible = 0;
			defaultConfigurationName = Release;
		};
		C3006F8C18859432007B0790 /* Build configuration list for PBXNativeTarget "dunnoTests" */ = {
			isa = XCConfigurationList;
			buildConfigurations = (
				C3006F8D18859432007B0790 /* Debug */,
				C3006F8E18859432007B0790 /* Release */,
			);
			defaultConfigurationIsVisible = 0;
			defaultConfigurationName = Release;
		};
/* End XCConfigurationList section */
	};
	rootObject = C3006F4F18859432007B0790 /* Project object */;
}
